
Microsoft Visual Studio Solution File, Format Version 12.00
# Visual Studio Version 16
VisualStudioVersion = 16.0.29306.81
MinimumVisualStudioVersion = 10.0.40219.1
Project("{888888A0-9F3D-457C-B088-3A5042F75D52}") = "NEA-2-Real1", "NEA-2-Real1.pyproj", "{45CFE9F0-3026-44E8-B65B-1970CF719FDA}"
EndProject
Global
	GlobalSection(SolutionConfigurationPlatforms) = preSolution
		Debug|Any CPU = Debug|Any CPU
		Release|Any CPU = Release|Any CPU
	EndGlobalSection
	GlobalSection(ProjectConfigurationPlatforms) = postSolution
		{45CFE9F0-3026-44E8-B65B-1970CF719FDA}.Debug|Any CPU.ActiveCfg = Debug|Any CPU
		{45CFE9F0-3026-44E8-B65B-1970CF719FDA}.Debug|Any CPU.Build.0 = Debug|Any CPU
		{45CFE9F0-3026-44E8-B65B-1970CF719FDA}.Release|Any CPU.ActiveCfg = Release|Any CPU
		{45CFE9F0-3026-44E8-B65B-1970CF719FDA}.Release|Any CPU.Build.0 = Release|Any CPU
	EndGlobalSection
	GlobalSection(SolutionProperties) = preSolution
		HideSolutionNode = FALSE
	EndGlobalSection
	GlobalSection(ExtensibilityGlobals) = postSolution
		SolutionGuid = {367580A6-983E-4828-A92E-F1D2353614FB}
	EndGlobalSection
EndGlobal
